// !$*UTF8*$!
{
	archiveVersion = 1;
	classes = {
	};
	objectVersion = 46;
	objects = {

/* Begin PBXBuildFile section */
		95B7FAE21B38A46C00B3B4A0 /* main.m in Sources */ = {isa = PBXBuildFile; fileRef = 95B7FAE11B38A46C00B3B4A0 /* main.m */; };
		95B7FAE51B38A46C00B3B4A0 /* AppDelegate.m in Sources */ = {isa = PBXBuildFile; fileRef = 95B7FAE41B38A46C00B3B4A0 /* AppDelegate.m */; };
		95B7FAE81B38A46C00B3B4A0 /* ViewController.m in Sources */ = {isa = PBXBuildFile; fileRef = 95B7FAE71B38A46C00B3B4A0 /* ViewController.m */; };
		95B7FAEB1B38A46C00B3B4A0 /* Main.storyboard in Resources */ = {isa = PBXBuildFile; fileRef = 95B7FAE91B38A46C00B3B4A0 /* Main.storyboard */; };
		95B7FAED1B38A46C00B3B4A0 /* Images.xcassets in Resources */ = {isa = PBXBuildFile; fileRef = 95B7FAEC1B38A46C00B3B4A0 /* Images.xcassets */; };
		95B7FAF01B38A46C00B3B4A0 /* LaunchScreen.xib in Resources */ = {isa = PBXBuildFile; fileRef = 95B7FAEE1B38A46C00B3B4A0 /* LaunchScreen.xib */; };
		95B7FAFC1B38A46C00B3B4A0 /* FlickrSearchTests.m in Sources */ = {isa = PBXBuildFile; fileRef = 95B7FAFB1B38A46C00B3B4A0 /* FlickrSearchTests.m */; };
		95B7FB1A1B38DAD200B3B4A0 /* bg_cork.png in Resources */ = {isa = PBXBuildFile; fileRef = 95B7FB061B38DAD200B3B4A0 /* bg_cork.png */; };
		95B7FB1B1B38DAD200B3B4A0 /* bg_cork@2x.png in Resources */ = {isa = PBXBuildFile; fileRef = 95B7FB071B38DAD200B3B4A0 /* bg_cork@2x.png */; };
		95B7FB1C1B38DAD200B3B4A0 /* button.png in Resources */ = {isa = PBXBuildFile; fileRef = 95B7FB081B38DAD200B3B4A0 /* button.png */; };
		95B7FB1D1B38DAD200B3B4A0 /* button@2x.png in Resources */ = {isa = PBXBuildFile; fileRef = 95B7FB091B38DAD200B3B4A0 /* button@2x.png */; };
		95B7FB1E1B38DAD200B3B4A0 /* decoration_snail.png in Resources */ = {isa = PBXBuildFile; fileRef = 95B7FB0A1B38DAD200B3B4A0 /* decoration_snail.png */; };
		95B7FB1F1B38DAD200B3B4A0 /* decoration_snail@2x.png in Resources */ = {isa = PBXBuildFile; fileRef = 95B7FB0B1B38DAD200B3B4A0 /* decoration_snail@2x.png */; };
		95B7FB201B38DAD200B3B4A0 /* divider_bar.png in Resources */ = {isa = PBXBuildFile; fileRef = 95B7FB0C1B38DAD200B3B4A0 /* divider_bar.png */; };
		95B7FB211B38DAD200B3B4A0 /* divider_bar@2x.png in Resources */ = {isa = PBXBuildFile; fileRef = 95B7FB0D1B38DAD200B3B4A0 /* divider_bar@2x.png */; };
		95B7FB221B38DAD200B3B4A0 /* header_bg.png in Resources */ = {isa = PBXBuildFile; fileRef = 95B7FB0E1B38DAD200B3B4A0 /* header_bg.png */; };
		95B7FB231B38DAD200B3B4A0 /* header_bg@2x.png in Resources */ = {isa = PBXBuildFile; fileRef = 95B7FB0F1B38DAD200B3B4A0 /* header_bg@2x.png */; };
		95B7FB241B38DAD200B3B4A0 /* navbar.png in Resources */ = {isa = PBXBuildFile; fileRef = 95B7FB101B38DAD200B3B4A0 /* navbar.png */; };
		95B7FB251B38DAD200B3B4A0 /* navbar@2x.png in Resources */ = {isa = PBXBuildFile; fileRef = 95B7FB111B38DAD200B3B4A0 /* navbar@2x.png */; };
		95B7FB261B38DAD200B3B4A0 /* polaroid1_border.png in Resources */ = {isa = PBXBuildFile; fileRef = 95B7FB121B38DAD200B3B4A0 /* polaroid1_border.png */; };
		95B7FB271B38DAD200B3B4A0 /* polaroid1_border@2x.png in Resources */ = {isa = PBXBuildFile; fileRef = 95B7FB131B38DAD200B3B4A0 /* polaroid1_border@2x.png */; };
		95B7FB281B38DAD200B3B4A0 /* pushpin.png in Resources */ = {isa = PBXBuildFile; fileRef = 95B7FB141B38DAD200B3B4A0 /* pushpin.png */; };
		95B7FB291B38DAD200B3B4A0 /* pushpin@2x.png in Resources */ = {isa = PBXBuildFile; fileRef = 95B7FB151B38DAD200B3B4A0 /* pushpin@2x.png */; };
		95B7FB2A1B38DAD200B3B4A0 /* search_field.png in Resources */ = {isa = PBXBuildFile; fileRef = 95B7FB161B38DAD200B3B4A0 /* search_field.png */; };
		95B7FB2B1B38DAD200B3B4A0 /* search_field@2x.png in Resources */ = {isa = PBXBuildFile; fileRef = 95B7FB171B38DAD200B3B4A0 /* search_field@2x.png */; };
		95B7FB2C1B38DAD200B3B4A0 /* search_text.png in Resources */ = {isa = PBXBuildFile; fileRef = 95B7FB181B38DAD200B3B4A0 /* search_text.png */; };
		95B7FB2D1B38DAD200B3B4A0 /* search_text@2x.png in Resources */ = {isa = PBXBuildFile; fileRef = 95B7FB191B38DAD200B3B4A0 /* search_text@2x.png */; };
		95B7FB331B390CAC00B3B4A0 /* Flickr.m in Sources */ = {isa = PBXBuildFile; fileRef = 95B7FB301B390CAC00B3B4A0 /* Flickr.m */; };
		95B7FB341B390CAC00B3B4A0 /* FlickrPhoto.m in Sources */ = {isa = PBXBuildFile; fileRef = 95B7FB321B390CAC00B3B4A0 /* FlickrPhoto.m */; };
/* End PBXBuildFile section */

/* Begin PBXContainerItemProxy section */
		95B7FAF61B38A46C00B3B4A0 /* PBXContainerItemProxy */ = {
			isa = PBXContainerItemProxy;
			containerPortal = 95B7FAD41B38A46C00B3B4A0 /* Project object */;
			proxyType = 1;
			remoteGlobalIDString = 95B7FADB1B38A46C00B3B4A0;
			remoteInfo = FlickrSearch;
		};
/* End PBXContainerItemProxy section */

/* Begin PBXFileReference section */
		95B7FADC1B38A46C00B3B4A0 /* FlickrSearch.app */ = {isa = PBXFileReference; explicitFileType = wrapper.application; includeInIndex = 0; path = FlickrSearch.app; sourceTree = BUILT_PRODUCTS_DIR; };
		95B7FAE01B38A46C00B3B4A0 /* Info.plist */ = {isa = PBXFileReference; lastKnownFileType = text.plist.xml; path = Info.plist; sourceTree = "<group>"; };
		95B7FAE11B38A46C00B3B4A0 /* main.m */ = {isa = PBXFileReference; lastKnownFileType = sourcecode.c.objc; path = main.m; sourceTree = "<group>"; };
		95B7FAE31B38A46C00B3B4A0 /* AppDelegate.h */ = {isa = PBXFileReference; lastKnownFileType = sourcecode.c.h; path = AppDelegate.h; sourceTree = "<group>"; };
		95B7FAE41B38A46C00B3B4A0 /* AppDelegate.m */ = {isa = PBXFileReference; lastKnownFileType = sourcecode.c.objc; path = AppDelegate.m; sourceTree = "<group>"; };
		95B7FAE61B38A46C00B3B4A0 /* ViewController.h */ = {isa = PBXFileReference; lastKnownFileType = sourcecode.c.h; path = ViewController.h; sourceTree = "<group>"; };
		95B7FAE71B38A46C00B3B4A0 /* ViewController.m */ = {isa = PBXFileReference; lastKnownFileType = sourcecode.c.objc; path = ViewController.m; sourceTree = "<group>"; };
		95B7FAEA1B38A46C00B3B4A0 /* Base */ = {isa = PBXFileReference; lastKnownFileType = file.storyboard; name = Base; path = Base.lproj/Main.storyboard; sourceTree = "<group>"; };
		95B7FAEC1B38A46C00B3B4A0 /* Images.xcassets */ = {isa = PBXFileReference; lastKnownFileType = folder.assetcatalog; path = Images.xcassets; sourceTree = "<group>"; };
		95B7FAEF1B38A46C00B3B4A0 /* Base */ = {isa = PBXFileReference; lastKnownFileType = file.xib; name = Base; path = Base.lproj/LaunchScreen.xib; sourceTree = "<group>"; };
		95B7FAF51B38A46C00B3B4A0 /* FlickrSearchTests.xctest */ = {isa = PBXFileReference; explicitFileType = wrapper.cfbundle; includeInIndex = 0; path = FlickrSearchTests.xctest; sourceTree = BUILT_PRODUCTS_DIR; };
		95B7FAFA1B38A46C00B3B4A0 /* Info.plist */ = {isa = PBXFileReference; lastKnownFileType = text.plist.xml; path = Info.plist; sourceTree = "<group>"; };
		95B7FAFB1B38A46C00B3B4A0 /* FlickrSearchTests.m */ = {isa = PBXFileReference; lastKnownFileType = sourcecode.c.objc; path = FlickrSearchTests.m; sourceTree = "<group>"; };
		95B7FB061B38DAD200B3B4A0 /* bg_cork.png */ = {isa = PBXFileReference; lastKnownFileType = image.png; path = bg_cork.png; sourceTree = "<group>"; };
		95B7FB071B38DAD200B3B4A0 /* bg_cork@2x.png */ = {isa = PBXFileReference; lastKnownFileType = image.png; path = "bg_cork@2x.png"; sourceTree = "<group>"; };
		95B7FB081B38DAD200B3B4A0 /* button.png */ = {isa = PBXFileReference; lastKnownFileType = image.png; path = button.png; sourceTree = "<group>"; };
		95B7FB091B38DAD200B3B4A0 /* button@2x.png */ = {isa = PBXFileReference; lastKnownFileType = image.png; path = "button@2x.png"; sourceTree = "<group>"; };
		95B7FB0A1B38DAD200B3B4A0 /* decoration_snail.png */ = {isa = PBXFileReference; lastKnownFileType = image.png; path = decoration_snail.png; sourceTree = "<group>"; };
		95B7FB0B1B38DAD200B3B4A0 /* decoration_snail@2x.png */ = {isa = PBXFileReference; lastKnownFileType = image.png; path = "decoration_snail@2x.png"; sourceTree = "<group>"; };
		95B7FB0C1B38DAD200B3B4A0 /* divider_bar.png */ = {isa = PBXFileReference; lastKnownFileType = image.png; path = divider_bar.png; sourceTree = "<group>"; };
		95B7FB0D1B38DAD200B3B4A0 /* divider_bar@2x.png */ = {isa = PBXFileReference; lastKnownFileType = image.png; path = "divider_bar@2x.png"; sourceTree = "<group>"; };
		95B7FB0E1B38DAD200B3B4A0 /* header_bg.png */ = {isa = PBXFileReference; lastKnownFileType = image.png; path = header_bg.png; sourceTree = "<group>"; };
		95B7FB0F1B38DAD200B3B4A0 /* header_bg@2x.png */ = {isa = PBXFileReference; lastKnownFileType = image.png; path = "header_bg@2x.png"; sourceTree = "<group>"; };
		95B7FB101B38DAD200B3B4A0 /* navbar.png */ = {isa = PBXFileReference; lastKnownFileType = image.png; path = navbar.png; sourceTree = "<group>"; };
		95B7FB111B38DAD200B3B4A0 /* navbar@2x.png */ = {isa = PBXFileReference; lastKnownFileType = image.png; path = "navbar@2x.png"; sourceTree = "<group>"; };
		95B7FB121B38DAD200B3B4A0 /* polaroid1_border.png */ = {isa = PBXFileReference; lastKnownFileType = image.png; path = polaroid1_border.png; sourceTree = "<group>"; };
		95B7FB131B38DAD200B3B4A0 /* polaroid1_border@2x.png */ = {isa = PBXFileReference; lastKnownFileType = image.png; path = "polaroid1_border@2x.png"; sourceTree = "<group>"; };
		95B7FB141B38DAD200B3B4A0 /* pushpin.png */ = {isa = PBXFileReference; lastKnownFileType = image.png; path = pushpin.png; sourceTree = "<group>"; };
		95B7FB151B38DAD200B3B4A0 /* pushpin@2x.png */ = {isa = PBXFileReference; lastKnownFileType = image.png; path = "pushpin@2x.png"; sourceTree = "<group>"; };
		95B7FB161B38DAD200B3B4A0 /* search_field.png */ = {isa = PBXFileReference; lastKnownFileType = image.png; path = search_field.png; sourceTree = "<group>"; };
		95B7FB171B38DAD200B3B4A0 /* search_field@2x.png */ = {isa = PBXFileReference; lastKnownFileType = image.png; path = "search_field@2x.png"; sourceTree = "<group>"; };
		95B7FB181B38DAD200B3B4A0 /* search_text.png */ = {isa = PBXFileReference; lastKnownFileType = image.png; path = search_text.png; sourceTree = "<group>"; };
		95B7FB191B38DAD200B3B4A0 /* search_text@2x.png */ = {isa = PBXFileReference; lastKnownFileType = image.png; path = "search_text@2x.png"; sourceTree = "<group>"; };
		95B7FB2F1B390CAC00B3B4A0 /* Flickr.h */ = {isa = PBXFileReference; fileEncoding = 4; lastKnownFileType = sourcecode.c.h; path = Flickr.h; sourceTree = "<group>"; };
		95B7FB301B390CAC00B3B4A0 /* Flickr.m */ = {isa = PBXFileReference; fileEncoding = 4; lastKnownFileType = sourcecode.c.objc; path = Flickr.m; sourceTree = "<group>"; };
		95B7FB311B390CAC00B3B4A0 /* FlickrPhoto.h */ = {isa = PBXFileReference; fileEncoding = 4; lastKnownFileType = sourcecode.c.h; path = FlickrPhoto.h; sourceTree = "<group>"; };
		95B7FB321B390CAC00B3B4A0 /* FlickrPhoto.m */ = {isa = PBXFileReference; fileEncoding = 4; lastKnownFileType = sourcecode.c.objc; path = FlickrPhoto.m; sourceTree = "<group>"; };
/* End PBXFileReference section */

/* Begin PBXFrameworksBuildPhase section */
		95B7FAD91B38A46C00B3B4A0 /* Frameworks */ = {
			isa = PBXFrameworksBuildPhase;
			buildActionMask = 2147483647;
			files = (
			);
			runOnlyForDeploymentPostprocessing = 0;
		};
		95B7FAF21B38A46C00B3B4A0 /* Frameworks */ = {
			isa = PBXFrameworksBuildPhase;
			buildActionMask = 2147483647;
			files = (
			);
			runOnlyForDeploymentPostprocessing = 0;
		};
/* End PBXFrameworksBuildPhase section */

/* Begin PBXGroup section */
		95B7FAD31B38A46C00B3B4A0 = {
			isa = PBXGroup;
			children = (
				95B7FADE1B38A46C00B3B4A0 /* FlickrSearch */,
				95B7FAF81B38A46C00B3B4A0 /* FlickrSearchTests */,
				95B7FADD1B38A46C00B3B4A0 /* Products */,
			);
			sourceTree = "<group>";
		};
		95B7FADD1B38A46C00B3B4A0 /* Products */ = {
			isa = PBXGroup;
			children = (
				95B7FADC1B38A46C00B3B4A0 /* FlickrSearch.app */,
				95B7FAF51B38A46C00B3B4A0 /* FlickrSearchTests.xctest */,
			);
			name = Products;
			sourceTree = "<group>";
		};
		95B7FADE1B38A46C00B3B4A0 /* FlickrSearch */ = {
			isa = PBXGroup;
			children = (
				95B7FB2E1B390CAC00B3B4A0 /* Flickr Interface */,
				95B7FB051B38DAD200B3B4A0 /* Assets */,
				95B7FAE31B38A46C00B3B4A0 /* AppDelegate.h */,
				95B7FAE41B38A46C00B3B4A0 /* AppDelegate.m */,
				95B7FAE61B38A46C00B3B4A0 /* ViewController.h */,
				95B7FAE71B38A46C00B3B4A0 /* ViewController.m */,
				95B7FAE91B38A46C00B3B4A0 /* Main.storyboard */,
				95B7FAEC1B38A46C00B3B4A0 /* Images.xcassets */,
				95B7FAEE1B38A46C00B3B4A0 /* LaunchScreen.xib */,
				95B7FADF1B38A46C00B3B4A0 /* Supporting Files */,
			);
			path = FlickrSearch;
			sourceTree = "<group>";
		};
		95B7FADF1B38A46C00B3B4A0 /* Supporting Files */ = {
			isa = PBXGroup;
			children = (
				95B7FAE01B38A46C00B3B4A0 /* Info.plist */,
				95B7FAE11B38A46C00B3B4A0 /* main.m */,
			);
			name = "Supporting Files";
			sourceTree = "<group>";
		};
		95B7FAF81B38A46C00B3B4A0 /* FlickrSearchTests */ = {
			isa = PBXGroup;
			children = (
				95B7FAFB1B38A46C00B3B4A0 /* FlickrSearchTests.m */,
				95B7FAF91B38A46C00B3B4A0 /* Supporting Files */,
			);
			path = FlickrSearchTests;
			sourceTree = "<group>";
		};
		95B7FAF91B38A46C00B3B4A0 /* Supporting Files */ = {
			isa = PBXGroup;
			children = (
				95B7FAFA1B38A46C00B3B4A0 /* Info.plist */,
			);
			name = "Supporting Files";
			sourceTree = "<group>";
		};
		95B7FB051B38DAD200B3B4A0 /* Assets */ = {
			isa = PBXGroup;
			children = (
				95B7FB061B38DAD200B3B4A0 /* bg_cork.png */,
				95B7FB071B38DAD200B3B4A0 /* bg_cork@2x.png */,
				95B7FB081B38DAD200B3B4A0 /* button.png */,
				95B7FB091B38DAD200B3B4A0 /* button@2x.png */,
				95B7FB0A1B38DAD200B3B4A0 /* decoration_snail.png */,
				95B7FB0B1B38DAD200B3B4A0 /* decoration_snail@2x.png */,
				95B7FB0C1B38DAD200B3B4A0 /* divider_bar.png */,
				95B7FB0D1B38DAD200B3B4A0 /* divider_bar@2x.png */,
				95B7FB0E1B38DAD200B3B4A0 /* header_bg.png */,
				95B7FB0F1B38DAD200B3B4A0 /* header_bg@2x.png */,
				95B7FB101B38DAD200B3B4A0 /* navbar.png */,
				95B7FB111B38DAD200B3B4A0 /* navbar@2x.png */,
				95B7FB121B38DAD200B3B4A0 /* polaroid1_border.png */,
				95B7FB131B38DAD200B3B4A0 /* polaroid1_border@2x.png */,
				95B7FB141B38DAD200B3B4A0 /* pushpin.png */,
				95B7FB151B38DAD200B3B4A0 /* pushpin@2x.png */,
				95B7FB161B38DAD200B3B4A0 /* search_field.png */,
				95B7FB171B38DAD200B3B4A0 /* search_field@2x.png */,
				95B7FB181B38DAD200B3B4A0 /* search_text.png */,
				95B7FB191B38DAD200B3B4A0 /* search_text@2x.png */,
			);
			path = Assets;
			sourceTree = "<group>";
		};
		95B7FB2E1B390CAC00B3B4A0 /* Flickr Interface */ = {
			isa = PBXGroup;
			children = (
				95B7FB2F1B390CAC00B3B4A0 /* Flickr.h */,
				95B7FB301B390CAC00B3B4A0 /* Flickr.m */,
				95B7FB311B390CAC00B3B4A0 /* FlickrPhoto.h */,
				95B7FB321B390CAC00B3B4A0 /* FlickrPhoto.m */,
			);
			path = "Flickr Interface";
			sourceTree = "<group>";
		};
/* End PBXGroup section */

/* Begin PBXNativeTarget section */
		95B7FADB1B38A46C00B3B4A0 /* FlickrSearch */ = {
			isa = PBXNativeTarget;
			buildConfigurationList = 95B7FAFF1B38A46C00B3B4A0 /* Build configuration list for PBXNativeTarget "FlickrSearch" */;
			buildPhases = (
				95B7FAD81B38A46C00B3B4A0 /* Sources */,
				95B7FAD91B38A46C00B3B4A0 /* Frameworks */,
				95B7FADA1B38A46C00B3B4A0 /* Resources */,
			);
			buildRules = (
			);
			dependencies = (
			);
			name = FlickrSearch;
			productName = FlickrSearch;
			productReference = 95B7FADC1B38A46C00B3B4A0 /* FlickrSearch.app */;
			productType = "com.apple.product-type.application";
		};
		95B7FAF41B38A46C00B3B4A0 /* FlickrSearchTests */ = {
			isa = PBXNativeTarget;
			buildConfigurationList = 95B7FB021B38A46C00B3B4A0 /* Build configuration list for PBXNativeTarget "FlickrSearchTests" */;
			buildPhases = (
				95B7FAF11B38A46C00B3B4A0 /* Sources */,
				95B7FAF21B38A46C00B3B4A0 /* Frameworks */,
				95B7FAF31B38A46C00B3B4A0 /* Resources */,
			);
			buildRules = (
			);
			dependencies = (
				95B7FAF71B38A46C00B3B4A0 /* PBXTargetDependency */,
			);
			name = FlickrSearchTests;
			productName = FlickrSearchTests;
			productReference = 95B7FAF51B38A46C00B3B4A0 /* FlickrSearchTests.xctest */;
			productType = "com.apple.product-type.bundle.unit-test";
		};
/* End PBXNativeTarget section */

/* Begin PBXProject section */
		95B7FAD41B38A46C00B3B4A0 /* Project object */ = {
			isa = PBXProject;
			attributes = {
				LastUpgradeCheck = 0630;
				ORGANIZATIONNAME = dnwin;
				TargetAttributes = {
					95B7FADB1B38A46C00B3B4A0 = {
						CreatedOnToolsVersion = 6.3;
					};
					95B7FAF41B38A46C00B3B4A0 = {
						CreatedOnToolsVersion = 6.3;
						TestTargetID = 95B7FADB1B38A46C00B3B4A0;
					};
				};
			};
			buildConfigurationList = 95B7FAD71B38A46C00B3B4A0 /* Build configuration list for PBXProject "FlickrSearch" */;
			compatibilityVersion = "Xcode 3.2";
			developmentRegion = English;
			hasScannedForEncodings = 0;
			knownRegions = (
				en,
				Base,
			);
			mainGroup = 95B7FAD31B38A46C00B3B4A0;
			productRefGroup = 95B7FADD1B38A46C00B3B4A0 /* Products */;
			projectDirPath = "";
			projectRoot = "";
			targets = (
				95B7FADB1B38A46C00B3B4A0 /* FlickrSearch */,
				95B7FAF41B38A46C00B3B4A0 /* FlickrSearchTests */,
			);
		};
/* End PBXProject section */

/* Begin PBXResourcesBuildPhase section */
		95B7FADA1B38A46C00B3B4A0 /* Resources */ = {
			isa = PBXResourcesBuildPhase;
			buildActionMask = 2147483647;
			files = (
				95B7FAEB1B38A46C00B3B4A0 /* Main.storyboard in Resources */,
				95B7FB1C1B38DAD200B3B4A0 /* button.png in Resources */,
				95B7FB1F1B38DAD200B3B4A0 /* decoration_snail@2x.png in Resources */,
				95B7FB1A1B38DAD200B3B4A0 /* bg_cork.png in Resources */,
				95B7FB1B1B38DAD200B3B4A0 /* bg_cork@2x.png in Resources */,
				95B7FB2B1B38DAD200B3B4A0 /* search_field@2x.png in Resources */,
				95B7FB241B38DAD200B3B4A0 /* navbar.png in Resources */,
				95B7FAF01B38A46C00B3B4A0 /* LaunchScreen.xib in Resources */,
				95B7FB211B38DAD200B3B4A0 /* divider_bar@2x.png in Resources */,
				95B7FB1E1B38DAD200B3B4A0 /* decoration_snail.png in Resources */,
				95B7FB201B38DAD200B3B4A0 /* divider_bar.png in Resources */,
				95B7FB271B38DAD200B3B4A0 /* polaroid1_border@2x.png in Resources */,
				95B7FB2C1B38DAD200B3B4A0 /* search_text.png in Resources */,
				95B7FB231B38DAD200B3B4A0 /* header_bg@2x.png in Resources */,
				95B7FB2A1B38DAD200B3B4A0 /* search_field.png in Resources */,
				95B7FB221B38DAD200B3B4A0 /* header_bg.png in Resources */,
				95B7FB281B38DAD200B3B4A0 /* pushpin.png in Resources */,
				95B7FB291B38DAD200B3B4A0 /* pushpin@2x.png in Resources */,
				95B7FB1D1B38DAD200B3B4A0 /* button@2x.png in Resources */,
				95B7FAED1B38A46C00B3B4A0 /* Images.xcassets in Resources */,
				95B7FB251B38DAD200B3B4A0 /* navbar@2x.png in Resources */,
				95B7FB2D1B38DAD200B3B4A0 /* search_text@2x.png in Resources */,
				95B7FB261B38DAD200B3B4A0 /* polaroid1_border.png in Resources */,
			);
			runOnlyForDeploymentPostprocessing = 0;
		};
		95B7FAF31B38A46C00B3B4A0 /* Resources */ = {
			isa = PBXResourcesBuildPhase;
			buildActionMask = 2147483647;
			files = (
			);
			runOnlyForDeploymentPostprocessing = 0;
		};
/* End PBXResourcesBuildPhase section */

/* Begin PBXSourcesBuildPhase section */
		95B7FAD81B38A46C00B3B4A0 /* Sources */ = {
			isa = PBXSourcesBuildPhase;
			buildActionMask = 2147483647;
			files = (
				95B7FAE81B38A46C00B3B4A0 /* ViewController.m in Sources */,
				95B7FAE51B38A46C00B3B4A0 /* AppDelegate.m in Sources */,
				95B7FB331B390CAC00B3B4A0 /* Flickr.m in Sources */,
				95B7FB341B390CAC00B3B4A0 /* FlickrPhoto.m in Sources */,
				95B7FAE21B38A46C00B3B4A0 /* main.m in Sources */,
			);
			runOnlyForDeploymentPostprocessing = 0;
		};
		95B7FAF11B38A46C00B3B4A0 /* Sources */ = {
			isa = PBXSourcesBuildPhase;
			buildActionMask = 2147483647;
			files = (
				95B7FAFC1B38A46C00B3B4A0 /* FlickrSearchTests.m in Sources */,
			);
			runOnlyForDeploymentPostprocessing = 0;
		};
/* End PBXSourcesBuildPhase section */

/* Begin PBXTargetDependency section */
		95B7FAF71B38A46C00B3B4A0 /* PBXTargetDependency */ = {
			isa = PBXTargetDependency;
			target = 95B7FADB1B38A46C00B3B4A0 /* FlickrSearch */;
			targetProxy = 95B7FAF61B38A46C00B3B4A0 /* PBXContainerItemProxy */;
		};
/* End PBXTargetDependency section */

/* Begin PBXVariantGroup section */
		95B7FAE91B38A46C00B3B4A0 /* Main.storyboard */ = {
			isa = PBXVariantGroup;
			children = (
				95B7FAEA1B38A46C00B3B4A0 /* Base */,
			);
			name = Main.storyboard;
			sourceTree = "<group>";
		};
		95B7FAEE1B38A46C00B3B4A0 /* LaunchScreen.xib */ = {
			isa = PBXVariantGroup;
			children = (
				95B7FAEF1B38A46C00B3B4A0 /* Base */,
			);
			name = LaunchScreen.xib;
			sourceTree = "<group>";
		};
/* End PBXVariantGroup section */

/* Begin XCBuildConfiguration section */
		95B7FAFD1B38A46C00B3B4A0 /* Debug */ = {
			isa = XCBuildConfiguration;
			buildSettings = {
				ALWAYS_SEARCH_USER_PATHS = NO;
				CLANG_CXX_LANGUAGE_STANDARD = "gnu++0x";
				CLANG_CXX_LIBRARY = "libc++";
				CLANG_ENABLE_MODULES = YES;
				CLANG_ENABLE_OBJC_ARC = YES;
				CLANG_WARN_BOOL_CONVERSION = YES;
				CLANG_WARN_CONSTANT_CONVERSION = YES;
				CLANG_WARN_DIRECT_OBJC_ISA_USAGE = YES_ERROR;
				CLANG_WARN_EMPTY_BODY = YES;
				CLANG_WARN_ENUM_CONVERSION = YES;
				CLANG_WARN_INT_CONVERSION = YES;
				CLANG_WARN_OBJC_ROOT_CLASS = YES_ERROR;
				CLANG_WARN_UNREACHABLE_CODE = YES;
				CLANG_WARN__DUPLICATE_METHOD_MATCH = YES;
				"CODE_SIGN_IDENTITY[sdk=iphoneos*]" = "iPhone Developer";
				COPY_PHASE_STRIP = NO;
				DEBUG_INFORMATION_FORMAT = "dwarf-with-dsym";
				ENABLE_STRICT_OBJC_MSGSEND = YES;
				GCC_C_LANGUAGE_STANDARD = gnu99;
				GCC_DYNAMIC_NO_PIC = NO;
				GCC_NO_COMMON_BLOCKS = YES;
				GCC_OPTIMIZATION_LEVEL = 0;
				GCC_PREPROCESSOR_DEFINITIONS = (
					"DEBUG=1",
					"$(inherited)",
				);
				GCC_SYMBOLS_PRIVATE_EXTERN = NO;
				GCC_WARN_64_TO_32_BIT_CONVERSION = YES;
				GCC_WARN_ABOUT_RETURN_TYPE = YES_ERROR;
				GCC_WARN_UNDECLARED_SELECTOR = YES;
				GCC_WARN_UNINITIALIZED_AUTOS = YES_AGGRESSIVE;
				GCC_WARN_UNUSED_FUNCTION = YES;
				GCC_WARN_UNUSED_VARIABLE = YES;
				IPHONEOS_DEPLOYMENT_TARGET = 8.3;
				MTL_ENABLE_DEBUG_INFO = YES;
				ONLY_ACTIVE_ARCH = YES;
				SDKROOT = iphoneos;
				TARGETED_DEVICE_FAMILY = "1,2";
			};
			name = Debug;
		};
		95B7FAFE1B38A46C00B3B4A0 /* Release */ = {
			isa = XCBuildConfiguration;
			buildSettings = {
				ALWAYS_SEARCH_USER_PATHS = NO;
				CLANG_CXX_LANGUAGE_STANDARD = "gnu++0x";
				CLANG_CXX_LIBRARY = "libc++";
				CLANG_ENABLE_MODULES = YES;
				CLANG_ENABLE_OBJC_ARC = YES;
				CLANG_WARN_BOOL_CONVERSION = YES;
				CLANG_WARN_CONSTANT_CONVERSION = YES;
				CLANG_WARN_DIRECT_OBJC_ISA_USAGE = YES_ERROR;
				CLANG_WARN_EMPTY_BODY = YES;
				CLANG_WARN_ENUM_CONVERSION = YES;
				CLANG_WARN_INT_CONVERSION = YES;
				CLANG_WARN_OBJC_ROOT_CLASS = YES_ERROR;
				CLANG_WARN_UNREACHABLE_CODE = YES;
				CLANG_WARN__DUPLICATE_METHOD_MATCH = YES;
				"CODE_SIGN_IDENTITY[sdk=iphoneos*]" = "iPhone Developer";
				COPY_PHASE_STRIP = NO;
				DEBUG_INFORMATION_FORMAT = "dwarf-with-dsym";
				ENABLE_NS_ASSERTIONS = NO;
				ENABLE_STRICT_OBJC_MSGSEND = YES;
				GCC_C_LANGUAGE_STANDARD = gnu99;
				GCC_NO_COMMON_BLOCKS = YES;
				GCC_WARN_64_TO_32_BIT_CONVERSION = YES;
				GCC_WARN_ABOUT_RETURN_TYPE = YES_ERROR;
				GCC_WARN_UNDECLARED_SELECTOR = YES;
				GCC_WARN_UNINITIALIZED_AUTOS = YES_AGGRESSIVE;
				GCC_WARN_UNUSED_FUNCTION = YES;
				GCC_WARN_UNUSED_VARIABLE = YES;
				IPHONEOS_DEPLOYMENT_TARGET = 8.3;
				MTL_ENABLE_DEBUG_INFO = NO;
				SDKROOT = iphoneos;
				TARGETED_DEVICE_FAMILY = "1,2";
				VALIDATE_PRODUCT = YES;
			};
			name = Release;
		};
		95B7FB001B38A46C00B3B4A0 /* Debug */ = {
			isa = XCBuildConfiguration;
			buildSettings = {
				ASSETCATALOG_COMPILER_APPICON_NAME = AppIcon;
				INFOPLIST_FILE = FlickrSearch/Info.plist;
				LD_RUNPATH_SEARCH_PATHS = "$(inherited) @executable_path/Frameworks";
				PRODUCT_NAME = "$(TARGET_NAME)";
			};
			name = Debug;
		};
		95B7FB011B38A46C00B3B4A0 /* Release */ = {
			isa = XCBuildConfiguration;
			buildSettings = {
				ASSETCATALOG_COMPILER_APPICON_NAME = AppIcon;
				INFOPLIST_FILE = FlickrSearch/Info.plist;
				LD_RUNPATH_SEARCH_PATHS = "$(inherited) @executable_path/Frameworks";
				PRODUCT_NAME = "$(TARGET_NAME)";
			};
			name = Release;
		};
		95B7FB031B38A46C00B3B4A0 /* Debug */ = {
			isa = XCBuildConfiguration;
			buildSettings = {
				BUNDLE_LOADER = "$(TEST_HOST)";
				FRAMEWORK_SEARCH_PATHS = (
					"$(SDKROOT)/Developer/Library/Frameworks",
					"$(inherited)",
				);
				GCC_PREPROCESSOR_DEFINITIONS = (
					"DEBUG=1",
					"$(inherited)",
				);
				INFOPLIST_FILE = FlickrSearchTests/Info.plist;
				LD_RUNPATH_SEARCH_PATHS = "$(inherited) @executable_path/Frameworks @loader_path/Frameworks";
				PRODUCT_NAME = "$(TARGET_NAME)";
				TEST_HOST = "$(BUILT_PRODUCTS_DIR)/FlickrSearch.app/FlickrSearch";
			};
			name = Debug;
		};
		95B7FB041B38A46C00B3B4A0 /* Release */ = {
			isa = XCBuildConfiguration;
			buildSettings = {
				BUNDLE_LOADER = "$(TEST_HOST)";
				FRAMEWORK_SEARCH_PATHS = (
					"$(SDKROOT)/Developer/Library/Frameworks",
					"$(inherited)",
				);
				INFOPLIST_FILE = FlickrSearchTests/Info.plist;
				LD_RUNPATH_SEARCH_PATHS = "$(inherited) @executable_path/Frameworks @loader_path/Frameworks";
				PRODUCT_NAME = "$(TARGET_NAME)";
				TEST_HOST = "$(BUILT_PRODUCTS_DIR)/FlickrSearch.app/FlickrSearch";
			};
			name = Release;
		};
/* End XCBuildConfiguration section */

/* Begin XCConfigurationList section */
		95B7FAD71B38A46C00B3B4A0 /* Build configuration list for PBXProject "FlickrSearch" */ = {
			isa = XCConfigurationList;
			buildConfigurations = (
				95B7FAFD1B38A46C00B3B4A0 /* Debug */,
				95B7FAFE1B38A46C00B3B4A0 /* Release */,
			);
			defaultConfigurationIsVisible = 0;
			defaultConfigurationName = Release;
		};
		95B7FAFF1B38A46C00B3B4A0 /* Build configuration list for PBXNativeTarget "FlickrSearch" */ = {
			isa = XCConfigurationList;
			buildConfigurations = (
				95B7FB001B38A46C00B3B4A0 /* Debug */,
				95B7FB011B38A46C00B3B4A0 /* Release */,
			);
			defaultConfigurationIsVisible = 0;
		};
		95B7FB021B38A46C00B3B4A0 /* Build configuration list for PBXNativeTarget "FlickrSearchTests" */ = {
			isa = XCConfigurationList;
			buildConfigurations = (
				95B7FB031B38A46C00B3B4A0 /* Debug */,
				95B7FB041B38A46C00B3B4A0 /* Release */,
			);
			defaultConfigurationIsVisible = 0;
		};
/* End XCConfigurationList section */
	};
	rootObject = 95B7FAD41B38A46C00B3B4A0 /* Project object */;
}
